
Microsoft Visual Studio Solution File, Format Version 12.00
# Visual Studio Version 17
VisualStudioVersion = 17.0.31903.59
MinimumVisualStudioVersion = 10.0.40219.1
Project("{2150E333-8FDC-42A3-9474-1A3956D46DE8}") = "FrontEnd", "FrontEnd", "{CF6330EE-FB94-4ECA-93C9-3262DA49B44A}"
EndProject
Project("{2150E333-8FDC-42A3-9474-1A3956D46DE8}") = "Services", "Services", "{7245D1F2-0196-4373-AF95-7DBBB9CFE863}"
EndProject
Project("{9A19103F-16F7-4668-BE54-9A1E7A4F7556}") = "GeekShopping.Web", "GeekShopping.Web\GeekShopping.Web.csproj", "{0ACEE2E7-CFC3-444B-AA4A-5212146EF10B}"
EndProject
Project("{9A19103F-16F7-4668-BE54-9A1E7A4F7556}") = "GeekShopping.ProductAPI", "GeekShopping.ProductAPI\GeekShopping.ProductAPI.csproj", "{E60145B0-F0EC-4187-AF0D-AE64FDFF3699}"
EndProject
Project("{9A19103F-16F7-4668-BE54-9A1E7A4F7556}") = "GeekShopping.IdentityServer", "GeekShopping.IdentityServer\GeekShopping.IdentityServer.csproj", "{A2008167-02CA-4DD2-8556-CA67DBD165EC}"
EndProject
Project("{9A19103F-16F7-4668-BE54-9A1E7A4F7556}") = "GeekShopping.CartAPI", "GeekShopping.CartAPI\GeekShopping.CartAPI.csproj", "{607E61F9-131E-4954-A0E2-1C914583C842}"
EndProject
Project("{9A19103F-16F7-4668-BE54-9A1E7A4F7556}") = "GeekShopping.CouponAPI", "GeekShopping.CouponAPI\GeekShopping.CouponAPI.csproj", "{DA1E31CE-9ACC-4D25-85E6-8BD4D7A6D9C2}"
EndProject
Project("{2150E333-8FDC-42A3-9474-1A3956D46DE8}") = "Integration", "Integration", "{11B1C75B-5577-4A25-B872-97C237FA819B}"
EndProject
Project("{9A19103F-16F7-4668-BE54-9A1E7A4F7556}") = "GeekShopping.MessageBus", "GeekShopping.MessageBus\GeekShopping.MessageBus.csproj", "{4C24D42F-5D8A-46FF-AA03-EF6FD82F3F68}"
EndProject
Project("{9A19103F-16F7-4668-BE54-9A1E7A4F7556}") = "GeekShopping.OrderAPI", "GeekShopping.OrderAPI\GeekShopping.OrderAPI.csproj", "{84ACEF93-3169-41D0-A889-1CA1E2EF5C96}"
EndProject
Project("{2150E333-8FDC-42A3-9474-1A3956D46DE8}") = "Payments", "Payments", "{27453011-EA3C-4B58-94F5-93C91FA686B2}"
EndProject
Project("{9A19103F-16F7-4668-BE54-9A1E7A4F7556}") = "GeekShopping.PaymentProcessor", "GeekShopping.PaymentProcessor\GeekShopping.PaymentProcessor.csproj", "{4D5B451E-6AB2-467E-BAF7-DE6E8E536F44}"
EndProject
Project("{9A19103F-16F7-4668-BE54-9A1E7A4F7556}") = "GeekShopping.PaymentAPI", "GeekShopping.PaymentAPI\GeekShopping.PaymentAPI.csproj", "{A0BA271A-F0EC-418C-ACCB-CAB556B87CEB}"
EndProject
Project("{FAE04EC0-301F-11D3-BF4B-00C04F79EFBC}") = "GeekShopping.Email", "GeekShopping.Email\GeekShopping.Email.csproj", "{6312DACA-6619-4E67-9A81-79F45842EAED}"
EndProject
Global
	GlobalSection(SolutionConfigurationPlatforms) = preSolution
		Debug|Any CPU = Debug|Any CPU
		Release|Any CPU = Release|Any CPU
	EndGlobalSection
	GlobalSection(ProjectConfigurationPlatforms) = postSolution
		{0ACEE2E7-CFC3-444B-AA4A-5212146EF10B}.Debug|Any CPU.ActiveCfg = Debug|Any CPU
		{0ACEE2E7-CFC3-444B-AA4A-5212146EF10B}.Debug|Any CPU.Build.0 = Debug|Any CPU
		{0ACEE2E7-CFC3-444B-AA4A-5212146EF10B}.Release|Any CPU.ActiveCfg = Release|Any CPU
		{0ACEE2E7-CFC3-444B-AA4A-5212146EF10B}.Release|Any CPU.Build.0 = Release|Any CPU
		{E60145B0-F0EC-4187-AF0D-AE64FDFF3699}.Debug|Any CPU.ActiveCfg = Debug|Any CPU
		{E60145B0-F0EC-4187-AF0D-AE64FDFF3699}.Debug|Any CPU.Build.0 = Debug|Any CPU
		{E60145B0-F0EC-4187-AF0D-AE64FDFF3699}.Release|Any CPU.ActiveCfg = Release|Any CPU
		{E60145B0-F0EC-4187-AF0D-AE64FDFF3699}.Release|Any CPU.Build.0 = Release|Any CPU
		{A2008167-02CA-4DD2-8556-CA67DBD165EC}.Debug|Any CPU.ActiveCfg = Debug|Any CPU
		{A2008167-02CA-4DD2-8556-CA67DBD165EC}.Debug|Any CPU.Build.0 = Debug|Any CPU
		{A2008167-02CA-4DD2-8556-CA67DBD165EC}.Release|Any CPU.ActiveCfg = Release|Any CPU
		{A2008167-02CA-4DD2-8556-CA67DBD165EC}.Release|Any CPU.Build.0 = Release|Any CPU
		{607E61F9-131E-4954-A0E2-1C914583C842}.Debug|Any CPU.ActiveCfg = Debug|Any CPU
		{607E61F9-131E-4954-A0E2-1C914583C842}.Debug|Any CPU.Build.0 = Debug|Any CPU
		{607E61F9-131E-4954-A0E2-1C914583C842}.Release|Any CPU.ActiveCfg = Release|Any CPU
		{607E61F9-131E-4954-A0E2-1C914583C842}.Release|Any CPU.Build.0 = Release|Any CPU
		{DA1E31CE-9ACC-4D25-85E6-8BD4D7A6D9C2}.Debug|Any CPU.ActiveCfg = Debug|Any CPU
		{DA1E31CE-9ACC-4D25-85E6-8BD4D7A6D9C2}.Debug|Any CPU.Build.0 = Debug|Any CPU
		{DA1E31CE-9ACC-4D25-85E6-8BD4D7A6D9C2}.Release|Any CPU.ActiveCfg = Release|Any CPU
		{DA1E31CE-9ACC-4D25-85E6-8BD4D7A6D9C2}.Release|Any CPU.Build.0 = Release|Any CPU
		{4C24D42F-5D8A-46FF-AA03-EF6FD82F3F68}.Debug|Any CPU.ActiveCfg = Debug|Any CPU
		{4C24D42F-5D8A-46FF-AA03-EF6FD82F3F68}.Debug|Any CPU.Build.0 = Debug|Any CPU
		{4C24D42F-5D8A-46FF-AA03-EF6FD82F3F68}.Release|Any CPU.ActiveCfg = Release|Any CPU
		{4C24D42F-5D8A-46FF-AA03-EF6FD82F3F68}.Release|Any CPU.Build.0 = Release|Any CPU
		{84ACEF93-3169-41D0-A889-1CA1E2EF5C96}.Debug|Any CPU.ActiveCfg = Debug|Any CPU
		{84ACEF93-3169-41D0-A889-1CA1E2EF5C96}.Debug|Any CPU.Build.0 = Debug|Any CPU
		{84ACEF93-3169-41D0-A889-1CA1E2EF5C96}.Release|Any CPU.ActiveCfg = Release|Any CPU
		{84ACEF93-3169-41D0-A889-1CA1E2EF5C96}.Release|Any CPU.Build.0 = Release|Any CPU
		{4D5B451E-6AB2-467E-BAF7-DE6E8E536F44}.Debug|Any CPU.ActiveCfg = Debug|Any CPU
		{4D5B451E-6AB2-467E-BAF7-DE6E8E536F44}.Debug|Any CPU.Build.0 = Debug|Any CPU
		{4D5B451E-6AB2-467E-BAF7-DE6E8E536F44}.Release|Any CPU.ActiveCfg = Release|Any CPU
		{4D5B451E-6AB2-467E-BAF7-DE6E8E536F44}.Release|Any CPU.Build.0 = Release|Any CPU
		{A0BA271A-F0EC-418C-ACCB-CAB556B87CEB}.Debug|Any CPU.ActiveCfg = Debug|Any CPU
		{A0BA271A-F0EC-418C-ACCB-CAB556B87CEB}.Debug|Any CPU.Build.0 = Debug|Any CPU
		{A0BA271A-F0EC-418C-ACCB-CAB556B87CEB}.Release|Any CPU.ActiveCfg = Release|Any CPU
		{A0BA271A-F0EC-418C-ACCB-CAB556B87CEB}.Release|Any CPU.Build.0 = Release|Any CPU
		{6312DACA-6619-4E67-9A81-79F45842EAED}.Debug|Any CPU.ActiveCfg = Debug|Any CPU
		{6312DACA-6619-4E67-9A81-79F45842EAED}.Debug|Any CPU.Build.0 = Debug|Any CPU
		{6312DACA-6619-4E67-9A81-79F45842EAED}.Release|Any CPU.ActiveCfg = Release|Any CPU
		{6312DACA-6619-4E67-9A81-79F45842EAED}.Release|Any CPU.Build.0 = Release|Any CPU
	EndGlobalSection
	GlobalSection(SolutionProperties) = preSolution
		HideSolutionNode = FALSE
	EndGlobalSection
	GlobalSection(NestedProjects) = preSolution
		{0ACEE2E7-CFC3-444B-AA4A-5212146EF10B} = {CF6330EE-FB94-4ECA-93C9-3262DA49B44A}
		{E60145B0-F0EC-4187-AF0D-AE64FDFF3699} = {7245D1F2-0196-4373-AF95-7DBBB9CFE863}
		{A2008167-02CA-4DD2-8556-CA67DBD165EC} = {7245D1F2-0196-4373-AF95-7DBBB9CFE863}
		{607E61F9-131E-4954-A0E2-1C914583C842} = {7245D1F2-0196-4373-AF95-7DBBB9CFE863}
		{DA1E31CE-9ACC-4D25-85E6-8BD4D7A6D9C2} = {7245D1F2-0196-4373-AF95-7DBBB9CFE863}
		{4C24D42F-5D8A-46FF-AA03-EF6FD82F3F68} = {11B1C75B-5577-4A25-B872-97C237FA819B}
		{84ACEF93-3169-41D0-A889-1CA1E2EF5C96} = {7245D1F2-0196-4373-AF95-7DBBB9CFE863}
		{4D5B451E-6AB2-467E-BAF7-DE6E8E536F44} = {27453011-EA3C-4B58-94F5-93C91FA686B2}
		{A0BA271A-F0EC-418C-ACCB-CAB556B87CEB} = {7245D1F2-0196-4373-AF95-7DBBB9CFE863}
		{6312DACA-6619-4E67-9A81-79F45842EAED} = {7245D1F2-0196-4373-AF95-7DBBB9CFE863}
	EndGlobalSection
	GlobalSection(ExtensibilityGlobals) = postSolution
		SolutionGuid = {5EE0C21A-F760-4688-A7FA-0AFCEC9F8BE5}
	EndGlobalSection
EndGlobal
